
Microsoft Visual Studio Solution File, Format Version 12.00
# Visual Studio Version 17
VisualStudioVersion = 17.1.32210.238
MinimumVisualStudioVersion = 10.0.40219.1
Project("{9A19103F-16F7-4668-BE54-9A1E7A4F7556}") = "BugTracker", "BugTracker\BugTracker.csproj", "{1D498C2F-9511-43E0-8BFC-ECDD3641BA4F}"
EndProject
Global
	GlobalSection(SolutionConfigurationPlatforms) = preSolution
		Debug|Any CPU = Debug|Any CPU
		Release|Any CPU = Release|Any CPU
	EndGlobalSection
	GlobalSection(ProjectConfigurationPlatforms) = postSolution
		{1D498C2F-9511-43E0-8BFC-ECDD3641BA4F}.Debug|Any CPU.ActiveCfg = Debug|Any CPU
		{1D498C2F-9511-43E0-8BFC-ECDD3641BA4F}.Debug|Any CPU.Build.0 = Debug|Any CPU
		{1D498C2F-9511-43E0-8BFC-ECDD3641BA4F}.Release|Any CPU.ActiveCfg = Release|Any CPU
		{1D498C2F-9511-43E0-8BFC-ECDD3641BA4F}.Release|Any CPU.Build.0 = Release|Any CPU
	EndGlobalSection
	GlobalSection(SolutionProperties) = preSolution
		HideSolutionNode = FALSE
	EndGlobalSection
	GlobalSection(ExtensibilityGlobals) = postSolution
		SolutionGuid = {ED6DA832-4AC6-4328-B715-C20F6F0CEF45}
	EndGlobalSection
EndGlobal
